
Microsoft Visual Studio Solution File, Format Version 12.00
# Visual Studio Version 16
VisualStudioVersion = 16.0.29001.49
MinimumVisualStudioVersion = 10.0.40219.1
Project("{FAE04EC0-301F-11D3-BF4B-00C04F79EFBC}") = "Magic 8 Ball", "Magic 8 Ball\Magic 8 Ball.csproj", "{4607F4D5-DA3E-43BF-BF76-2668580EF1CF}"
EndProject
Global
	GlobalSection(SolutionConfigurationPlatforms) = preSolution
		Debug|Any CPU = Debug|Any CPU
		Release|Any CPU = Release|Any CPU
	EndGlobalSection
	GlobalSection(ProjectConfigurationPlatforms) = postSolution
		{4607F4D5-DA3E-43BF-BF76-2668580EF1CF}.Debug|Any CPU.ActiveCfg = Debug|Any CPU
		{4607F4D5-DA3E-43BF-BF76-2668580EF1CF}.Debug|Any CPU.Build.0 = Debug|Any CPU
		{4607F4D5-DA3E-43BF-BF76-2668580EF1CF}.Release|Any CPU.ActiveCfg = Release|Any CPU
		{4607F4D5-DA3E-43BF-BF76-2668580EF1CF}.Release|Any CPU.Build.0 = Release|Any CPU
	EndGlobalSection
	GlobalSection(SolutionProperties) = preSolution
		HideSolutionNode = FALSE
	EndGlobalSection
	GlobalSection(ExtensibilityGlobals) = postSolution
		SolutionGuid = {13BBDEFA-A1A8-4A56-8037-96C3AE35DE87}
	EndGlobalSection
EndGlobal
